
Microsoft Visual Studio Solution File, Format Version 12.00
# Visual Studio Version 17
VisualStudioVersion = 17.13.35825.156
MinimumVisualStudioVersion = 10.0.40219.1
Project("{FAE04EC0-301F-11D3-BF4B-00C04F79EFBC}") = "PhoneBook", "PhoneBook.csproj", "{80CBCB74-B208-492F-B70A-64C9AA54B834}"
EndProject
Global
	GlobalSection(SolutionConfigurationPlatforms) = preSolution
		Debug|Any CPU = Debug|Any CPU
		Release|Any CPU = Release|Any CPU
	EndGlobalSection
	GlobalSection(ProjectConfigurationPlatforms) = postSolution
		{80CBCB74-B208-492F-B70A-64C9AA54B834}.Debug|Any CPU.ActiveCfg = Debug|Any CPU
		{80CBCB74-B208-492F-B70A-64C9AA54B834}.Debug|Any CPU.Build.0 = Debug|Any CPU
		{80CBCB74-B208-492F-B70A-64C9AA54B834}.Release|Any CPU.ActiveCfg = Release|Any CPU
		{80CBCB74-B208-492F-B70A-64C9AA54B834}.Release|Any CPU.Build.0 = Release|Any CPU
	EndGlobalSection
	GlobalSection(SolutionProperties) = preSolution
		HideSolutionNode = FALSE
	EndGlobalSection
	GlobalSection(ExtensibilityGlobals) = postSolution
		SolutionGuid = {76FF73AC-39AB-4284-A799-37D5923F0707}
	EndGlobalSection
EndGlobal
